// !$*UTF8*$!
{
	archiveVersion = 1;
	classes = {
	};
	objectVersion = 51;
	objects = {

/* Begin PBXBuildFile section */
		226B7406B8C8899BE472A3B7 /* Pods_3Banko_Admin.framework in Frameworks */ = {isa = PBXBuildFile; fileRef = A8067910C39CE8121CBDF411 /* Pods_3Banko_Admin.framework */; };
		46259194255010A600DCB4C5 /* EnterPredictOfDayVC.swift in Sources */ = {isa = PBXBuildFile; fileRef = 46259193255010A600DCB4C5 /* EnterPredictOfDayVC.swift */; };
		462591C42550192400DCB4C5 /* PredictsVC.swift in Sources */ = {isa = PBXBuildFile; fileRef = 462591C32550192400DCB4C5 /* PredictsVC.swift */; };
		462591CA25502FBB00DCB4C5 /* Prediction.swift in Sources */ = {isa = PBXBuildFile; fileRef = 462591C925502FBB00DCB4C5 /* Prediction.swift */; };
		462591CF2550528900DCB4C5 /* SetFieldCell.swift in Sources */ = {isa = PBXBuildFile; fileRef = 462591CE2550528800DCB4C5 /* SetFieldCell.swift */; };
		462591D52550709D00DCB4C5 /* CutomAlertBoxViewController.swift in Sources */ = {isa = PBXBuildFile; fileRef = 462591D42550709D00DCB4C5 /* CutomAlertBoxViewController.swift */; };
		462591D8255071BC00DCB4C5 /* CustomAlertContainerView.swift in Sources */ = {isa = PBXBuildFile; fileRef = 462591D7255071BC00DCB4C5 /* CustomAlertContainerView.swift */; };
		469BC9DA2551496200EE1585 /* UIViewController+Ext.swift in Sources */ = {isa = PBXBuildFile; fileRef = 469BC9D92551496200EE1585 /* UIViewController+Ext.swift */; };
		469BC9E32551569400EE1585 /* GoogleService-Info.plist in Resources */ = {isa = PBXBuildFile; fileRef = 469BC9E22551569400EE1585 /* GoogleService-Info.plist */; };
		469BC9F8255157EE00EE1585 /* FirebaseManager.swift in Sources */ = {isa = PBXBuildFile; fileRef = 469BC9F7255157EE00EE1585 /* FirebaseManager.swift */; };
		469BC9FB2551637A00EE1585 /* CustomUpdateResultAlertBoxViewController.swift in Sources */ = {isa = PBXBuildFile; fileRef = 469BC9FA2551637A00EE1585 /* CustomUpdateResultAlertBoxViewController.swift */; };
		469BC9FE25516DAA00EE1585 /* MatchUpdateView.swift in Sources */ = {isa = PBXBuildFile; fileRef = 469BC9FD25516DAA00EE1585 /* MatchUpdateView.swift */; };
		46D933E225500D2C0090B458 /* AppDelegate.swift in Sources */ = {isa = PBXBuildFile; fileRef = 46D933E125500D2C0090B458 /* AppDelegate.swift */; };
		46D933E425500D2C0090B458 /* SceneDelegate.swift in Sources */ = {isa = PBXBuildFile; fileRef = 46D933E325500D2C0090B458 /* SceneDelegate.swift */; };
		46D933EB25500D2E0090B458 /* Assets.xcassets in Resources */ = {isa = PBXBuildFile; fileRef = 46D933EA25500D2E0090B458 /* Assets.xcassets */; };
		46D933EE25500D2E0090B458 /* LaunchScreen.storyboard in Resources */ = {isa = PBXBuildFile; fileRef = 46D933EC25500D2E0090B458 /* LaunchScreen.storyboard */; };
/* End PBXBuildFile section */

/* Begin PBXFileReference section */
		14947457CFFFC6E4F54BE0A6 /* Pods-3Banko Admin.release.xcconfig */ = {isa = PBXFileReference; includeInIndex = 1; lastKnownFileType = text.xcconfig; name = "Pods-3Banko Admin.release.xcconfig"; path = "Target Support Files/Pods-3Banko Admin/Pods-3Banko Admin.release.xcconfig"; sourceTree = "<group>"; };
		46259193255010A600DCB4C5 /* EnterPredictOfDayVC.swift */ = {isa = PBXFileReference; lastKnownFileType = sourcecode.swift; path = EnterPredictOfDayVC.swift; sourceTree = "<group>"; };
		462591C32550192400DCB4C5 /* PredictsVC.swift */ = {isa = PBXFileReference; lastKnownFileType = sourcecode.swift; path = PredictsVC.swift; sourceTree = "<group>"; };
		462591C925502FBB00DCB4C5 /* Prediction.swift */ = {isa = PBXFileReference; lastKnownFileType = sourcecode.swift; path = Prediction.swift; sourceTree = "<group>"; };
		462591CE2550528800DCB4C5 /* SetFieldCell.swift */ = {isa = PBXFileReference; lastKnownFileType = sourcecode.swift; path = SetFieldCell.swift; sourceTree = "<group>"; };
		462591D42550709D00DCB4C5 /* CutomAlertBoxViewController.swift */ = {isa = PBXFileReference; lastKnownFileType = sourcecode.swift; path = CutomAlertBoxViewController.swift; sourceTree = "<group>"; };
		462591D7255071BC00DCB4C5 /* CustomAlertContainerView.swift */ = {isa = PBXFileReference; lastKnownFileType = sourcecode.swift; path = CustomAlertContainerView.swift; sourceTree = "<group>"; };
		469BC9D92551496200EE1585 /* UIViewController+Ext.swift */ = {isa = PBXFileReference; lastKnownFileType = sourcecode.swift; path = "UIViewController+Ext.swift"; sourceTree = "<group>"; };
		469BC9E22551569400EE1585 /* GoogleService-Info.plist */ = {isa = PBXFileReference; fileEncoding = 4; lastKnownFileType = text.plist.xml; path = "GoogleService-Info.plist"; sourceTree = "<group>"; };
		469BC9F7255157EE00EE1585 /* FirebaseManager.swift */ = {isa = PBXFileReference; lastKnownFileType = sourcecode.swift; path = FirebaseManager.swift; sourceTree = "<group>"; };
		469BC9FA2551637A00EE1585 /* CustomUpdateResultAlertBoxViewController.swift */ = {isa = PBXFileReference; lastKnownFileType = sourcecode.swift; path = CustomUpdateResultAlertBoxViewController.swift; sourceTree = "<group>"; };
		469BC9FD25516DAA00EE1585 /* MatchUpdateView.swift */ = {isa = PBXFileReference; lastKnownFileType = sourcecode.swift; path = MatchUpdateView.swift; sourceTree = "<group>"; };
		46D933DE25500D2C0090B458 /* 3Banko Admin.app */ = {isa = PBXFileReference; explicitFileType = wrapper.application; includeInIndex = 0; path = "3Banko Admin.app"; sourceTree = BUILT_PRODUCTS_DIR; };
		46D933E125500D2C0090B458 /* AppDelegate.swift */ = {isa = PBXFileReference; lastKnownFileType = sourcecode.swift; path = AppDelegate.swift; sourceTree = "<group>"; };
		46D933E325500D2C0090B458 /* SceneDelegate.swift */ = {isa = PBXFileReference; lastKnownFileType = sourcecode.swift; path = SceneDelegate.swift; sourceTree = "<group>"; };
		46D933EA25500D2E0090B458 /* Assets.xcassets */ = {isa = PBXFileReference; lastKnownFileType = folder.assetcatalog; path = Assets.xcassets; sourceTree = "<group>"; };
		46D933ED25500D2E0090B458 /* Base */ = {isa = PBXFileReference; lastKnownFileType = file.storyboard; name = Base; path = Base.lproj/LaunchScreen.storyboard; sourceTree = "<group>"; };
		46D933EF25500D2E0090B458 /* Info.plist */ = {isa = PBXFileReference; lastKnownFileType = text.plist.xml; path = Info.plist; sourceTree = "<group>"; };
		A8067910C39CE8121CBDF411 /* Pods_3Banko_Admin.framework */ = {isa = PBXFileReference; explicitFileType = wrapper.framework; includeInIndex = 0; path = Pods_3Banko_Admin.framework; sourceTree = BUILT_PRODUCTS_DIR; };
		C868F3D7C08EB1B4BE9FAD1E /* Pods-3Banko Admin.debug.xcconfig */ = {isa = PBXFileReference; includeInIndex = 1; lastKnownFileType = text.xcconfig; name = "Pods-3Banko Admin.debug.xcconfig"; path = "Target Support Files/Pods-3Banko Admin/Pods-3Banko Admin.debug.xcconfig"; sourceTree = "<group>"; };
/* End PBXFileReference section */

/* Begin PBXFrameworksBuildPhase section */
		46D933DB25500D2C0090B458 /* Frameworks */ = {
			isa = PBXFrameworksBuildPhase;
			buildActionMask = 2147483647;
			files = (
				226B7406B8C8899BE472A3B7 /* Pods_3Banko_Admin.framework in Frameworks */,
			);
			runOnlyForDeploymentPostprocessing = 0;
		};
/* End PBXFrameworksBuildPhase section */

/* Begin PBXGroup section */
		462591992550125E00DCB4C5 /* Screens */ = {
			isa = PBXGroup;
			children = (
				46259193255010A600DCB4C5 /* EnterPredictOfDayVC.swift */,
				462591C32550192400DCB4C5 /* PredictsVC.swift */,
			);
			path = Screens;
			sourceTree = "<group>";
		};
		4625919C2550126900DCB4C5 /* Supporting Files */ = {
			isa = PBXGroup;
			children = (
				46D933E125500D2C0090B458 /* AppDelegate.swift */,
				46D933E325500D2C0090B458 /* SceneDelegate.swift */,
				46D933EA25500D2E0090B458 /* Assets.xcassets */,
				46D933EC25500D2E0090B458 /* LaunchScreen.storyboard */,
			);
			path = "Supporting Files";
			sourceTree = "<group>";
		};
		462591CC2550307000DCB4C5 /* Models */ = {
			isa = PBXGroup;
			children = (
				462591C925502FBB00DCB4C5 /* Prediction.swift */,
			);
			path = Models;
			sourceTree = "<group>";
		};
		462591D2255056A300DCB4C5 /* Cells */ = {
			isa = PBXGroup;
			children = (
				462591CE2550528800DCB4C5 /* SetFieldCell.swift */,
			);
			path = Cells;
			sourceTree = "<group>";
		};
		469BC9DC255155CA00EE1585 /* Extensions */ = {
			isa = PBXGroup;
			children = (
				469BC9D92551496200EE1585 /* UIViewController+Ext.swift */,
			);
			path = Extensions;
			sourceTree = "<group>";
		};
		469BC9DE255155DB00EE1585 /* ViewControllers */ = {
			isa = PBXGroup;
			children = (
				462591D42550709D00DCB4C5 /* CutomAlertBoxViewController.swift */,
				469BC9FA2551637A00EE1585 /* CustomUpdateResultAlertBoxViewController.swift */,
			);
			path = ViewControllers;
			sourceTree = "<group>";
		};
		469BC9E0255155E300EE1585 /* Views */ = {
			isa = PBXGroup;
			children = (
				462591D7255071BC00DCB4C5 /* CustomAlertContainerView.swift */,
				469BC9FD25516DAA00EE1585 /* MatchUpdateView.swift */,
			);
			path = Views;
			sourceTree = "<group>";
		};
		46D933D525500D2C0090B458 = {
			isa = PBXGroup;
			children = (
				46D933E025500D2C0090B458 /* 3Banko Admin */,
				46D933DF25500D2C0090B458 /* Products */,
				AAEC7E1A8452248ECA79F7E7 /* Pods */,
				7B3BC31000699D515AD0BC86 /* Frameworks */,
			);
			sourceTree = "<group>";
		};
		46D933DF25500D2C0090B458 /* Products */ = {
			isa = PBXGroup;
			children = (
				46D933DE25500D2C0090B458 /* 3Banko Admin.app */,
			);
			name = Products;
			sourceTree = "<group>";
		};
		46D933E025500D2C0090B458 /* 3Banko Admin */ = {
			isa = PBXGroup;
			children = (
				4625919C2550126900DCB4C5 /* Supporting Files */,
				46D933EF25500D2E0090B458 /* Info.plist */,
				469BC9E22551569400EE1585 /* GoogleService-Info.plist */,
				462591992550125E00DCB4C5 /* Screens */,
				462591CC2550307000DCB4C5 /* Models */,
				462591D2255056A300DCB4C5 /* Cells */,
				469BC9DE255155DB00EE1585 /* ViewControllers */,
				469BC9E0255155E300EE1585 /* Views */,
				469BC9DC255155CA00EE1585 /* Extensions */,
				469BC9F7255157EE00EE1585 /* FirebaseManager.swift */,
			);
			path = "3Banko Admin";
			sourceTree = "<group>";
		};
		7B3BC31000699D515AD0BC86 /* Frameworks */ = {
			isa = PBXGroup;
			children = (
				A8067910C39CE8121CBDF411 /* Pods_3Banko_Admin.framework */,
			);
			name = Frameworks;
			sourceTree = "<group>";
		};
		AAEC7E1A8452248ECA79F7E7 /* Pods */ = {
			isa = PBXGroup;
			children = (
				C868F3D7C08EB1B4BE9FAD1E /* Pods-3Banko Admin.debug.xcconfig */,
				14947457CFFFC6E4F54BE0A6 /* Pods-3Banko Admin.release.xcconfig */,
			);
			path = Pods;
			sourceTree = "<group>";
		};
/* End PBXGroup section */

/* Begin PBXNativeTarget section */
		46D933DD25500D2C0090B458 /* 3Banko Admin */ = {
			isa = PBXNativeTarget;
			buildConfigurationList = 46D933F225500D2E0090B458 /* Build configuration list for PBXNativeTarget "3Banko Admin" */;
			buildPhases = (
				EC29C092B9C9171C3DC35E40 /* [CP] Check Pods Manifest.lock */,
				46D933DA25500D2C0090B458 /* Sources */,
				46D933DB25500D2C0090B458 /* Frameworks */,
				46D933DC25500D2C0090B458 /* Resources */,
				4812E9B06A00B6D0706A4786 /* [CP] Embed Pods Frameworks */,
			);
			buildRules = (
			);
			dependencies = (
			);
			name = "3Banko Admin";
			productName = "3Banko Admin";
			productReference = 46D933DE25500D2C0090B458 /* 3Banko Admin.app */;
			productType = "com.apple.product-type.application";
		};
/* End PBXNativeTarget section */

/* Begin PBXProject section */
		46D933D625500D2C0090B458 /* Project object */ = {
			isa = PBXProject;
			attributes = {
				LastSwiftUpdateCheck = 1210;
				LastUpgradeCheck = 1210;
				TargetAttributes = {
					46D933DD25500D2C0090B458 = {
						CreatedOnToolsVersion = 12.1;
					};
				};
			};
			buildConfigurationList = 46D933D925500D2C0090B458 /* Build configuration list for PBXProject "3Banko Admin" */;
			compatibilityVersion = "Xcode 9.3";
			developmentRegion = en;
			hasScannedForEncodings = 0;
			knownRegions = (
				en,
				Base,
			);
			mainGroup = 46D933D525500D2C0090B458;
			productRefGroup = 46D933DF25500D2C0090B458 /* Products */;
			projectDirPath = "";
			projectRoot = "";
			targets = (
				46D933DD25500D2C0090B458 /* 3Banko Admin */,
			);
		};
/* End PBXProject section */

/* Begin PBXResourcesBuildPhase section */
		46D933DC25500D2C0090B458 /* Resources */ = {
			isa = PBXResourcesBuildPhase;
			buildActionMask = 2147483647;
			files = (
				46D933EE25500D2E0090B458 /* LaunchScreen.storyboard in Resources */,
				46D933EB25500D2E0090B458 /* Assets.xcassets in Resources */,
				469BC9E32551569400EE1585 /* GoogleService-Info.plist in Resources */,
			);
			runOnlyForDeploymentPostprocessing = 0;
		};
/* End PBXResourcesBuildPhase section */

/* Begin PBXShellScriptBuildPhase section */
		4812E9B06A00B6D0706A4786 /* [CP] Embed Pods Frameworks */ = {
			isa = PBXShellScriptBuildPhase;
			buildActionMask = 2147483647;
			files = (
			);
			inputFileListPaths = (
				"${PODS_ROOT}/Target Support Files/Pods-3Banko Admin/Pods-3Banko Admin-frameworks-${CONFIGURATION}-input-files.xcfilelist",
			);
			name = "[CP] Embed Pods Frameworks";
			outputFileListPaths = (
				"${PODS_ROOT}/Target Support Files/Pods-3Banko Admin/Pods-3Banko Admin-frameworks-${CONFIGURATION}-output-files.xcfilelist",
			);
			runOnlyForDeploymentPostprocessing = 0;
			shellPath = /bin/sh;
			shellScript = "\"${PODS_ROOT}/Target Support Files/Pods-3Banko Admin/Pods-3Banko Admin-frameworks.sh\"\n";
			showEnvVarsInLog = 0;
		};
		EC29C092B9C9171C3DC35E40 /* [CP] Check Pods Manifest.lock */ = {
			isa = PBXShellScriptBuildPhase;
			buildActionMask = 2147483647;
			files = (
			);
			inputFileListPaths = (
			);
			inputPaths = (
				"${PODS_PODFILE_DIR_PATH}/Podfile.lock",
				"${PODS_ROOT}/Manifest.lock",
			);
			name = "[CP] Check Pods Manifest.lock";
			outputFileListPaths = (
			);
			outputPaths = (
				"$(DERIVED_FILE_DIR)/Pods-3Banko Admin-checkManifestLockResult.txt",
			);
			runOnlyForDeploymentPostprocessing = 0;
			shellPath = /bin/sh;
			shellScript = "diff \"${PODS_PODFILE_DIR_PATH}/Podfile.lock\" \"${PODS_ROOT}/Manifest.lock\" > /dev/null\nif [ $? != 0 ] ; then\n    # print error to STDERR\n    echo \"error: The sandbox is not in sync with the Podfile.lock. Run 'pod install' or update your CocoaPods installation.\" >&2\n    exit 1\nfi\n# This output is used by Xcode 'outputs' to avoid re-running this script phase.\necho \"SUCCESS\" > \"${SCRIPT_OUTPUT_FILE_0}\"\n";
			showEnvVarsInLog = 0;
		};
/* End PBXShellScriptBuildPhase section */

/* Begin PBXSourcesBuildPhase section */
		46D933DA25500D2C0090B458 /* Sources */ = {
			isa = PBXSourcesBuildPhase;
			buildActionMask = 2147483647;
			files = (
				462591CF2550528900DCB4C5 /* SetFieldCell.swift in Sources */,
				46259194255010A600DCB4C5 /* EnterPredictOfDayVC.swift in Sources */,
				469BC9F8255157EE00EE1585 /* FirebaseManager.swift in Sources */,
				462591D8255071BC00DCB4C5 /* CustomAlertContainerView.swift in Sources */,
				462591CA25502FBB00DCB4C5 /* Prediction.swift in Sources */,
				462591D52550709D00DCB4C5 /* CutomAlertBoxViewController.swift in Sources */,
				46D933E225500D2C0090B458 /* AppDelegate.swift in Sources */,
				469BC9FE25516DAA00EE1585 /* MatchUpdateView.swift in Sources */,
				462591C42550192400DCB4C5 /* PredictsVC.swift in Sources */,
				46D933E425500D2C0090B458 /* SceneDelegate.swift in Sources */,
				469BC9DA2551496200EE1585 /* UIViewController+Ext.swift in Sources */,
				469BC9FB2551637A00EE1585 /* CustomUpdateResultAlertBoxViewController.swift in Sources */,
			);
			runOnlyForDeploymentPostprocessing = 0;
		};
/* End PBXSourcesBuildPhase section */

/* Begin PBXVariantGroup section */
		46D933EC25500D2E0090B458 /* LaunchScreen.storyboard */ = {
			isa = PBXVariantGroup;
			children = (
				46D933ED25500D2E0090B458 /* Base */,
			);
			name = LaunchScreen.storyboard;
			sourceTree = "<group>";
		};
/* End PBXVariantGroup section */

/* Begin XCBuildConfiguration section */
		46D933F025500D2E0090B458 /* Debug */ = {
			isa = XCBuildConfiguration;
			buildSettings = {
				ALWAYS_SEARCH_USER_PATHS = NO;
				CLANG_ANALYZER_NONNULL = YES;
				CLANG_ANALYZER_NUMBER_OBJECT_CONVERSION = YES_AGGRESSIVE;
				CLANG_CXX_LANGUAGE_STANDARD = "gnu++14";
				CLANG_CXX_LIBRARY = "libc++";
				CLANG_ENABLE_MODULES = YES;
				CLANG_ENABLE_OBJC_ARC = YES;
				CLANG_ENABLE_OBJC_WEAK = YES;
				CLANG_WARN_BLOCK_CAPTURE_AUTORELEASING = YES;
				CLANG_WARN_BOOL_CONVERSION = YES;
				CLANG_WARN_COMMA = YES;
				CLANG_WARN_CONSTANT_CONVERSION = YES;
				CLANG_WARN_DEPRECATED_OBJC_IMPLEMENTATIONS = YES;
				CLANG_WARN_DIRECT_OBJC_ISA_USAGE = YES_ERROR;
				CLANG_WARN_DOCUMENTATION_COMMENTS = YES;
				CLANG_WARN_EMPTY_BODY = YES;
				CLANG_WARN_ENUM_CONVERSION = YES;
				CLANG_WARN_INFINITE_RECURSION = YES;
				CLANG_WARN_INT_CONVERSION = YES;
				CLANG_WARN_NON_LITERAL_NULL_CONVERSION = YES;
				CLANG_WARN_OBJC_IMPLICIT_RETAIN_SELF = YES;
				CLANG_WARN_OBJC_LITERAL_CONVERSION = YES;
				CLANG_WARN_OBJC_ROOT_CLASS = YES_ERROR;
				CLANG_WARN_QUOTED_INCLUDE_IN_FRAMEWORK_HEADER = YES;
				CLANG_WARN_RANGE_LOOP_ANALYSIS = YES;
				CLANG_WARN_STRICT_PROTOTYPES = YES;
				CLANG_WARN_SUSPICIOUS_MOVE = YES;
				CLANG_WARN_UNGUARDED_AVAILABILITY = YES_AGGRESSIVE;
				CLANG_WARN_UNREACHABLE_CODE = YES;
				CLANG_WARN__DUPLICATE_METHOD_MATCH = YES;
				COPY_PHASE_STRIP = NO;
				DEBUG_INFORMATION_FORMAT = dwarf;
				ENABLE_STRICT_OBJC_MSGSEND = YES;
				ENABLE_TESTABILITY = YES;
				GCC_C_LANGUAGE_STANDARD = gnu11;
				GCC_DYNAMIC_NO_PIC = NO;
				GCC_NO_COMMON_BLOCKS = YES;
				GCC_OPTIMIZATION_LEVEL = 0;
				GCC_PREPROCESSOR_DEFINITIONS = (
					"DEBUG=1",
					"$(inherited)",
				);
				GCC_WARN_64_TO_32_BIT_CONVERSION = YES;
				GCC_WARN_ABOUT_RETURN_TYPE = YES_ERROR;
				GCC_WARN_UNDECLARED_SELECTOR = YES;
				GCC_WARN_UNINITIALIZED_AUTOS = YES_AGGRESSIVE;
				GCC_WARN_UNUSED_FUNCTION = YES;
				GCC_WARN_UNUSED_VARIABLE = YES;
				IPHONEOS_DEPLOYMENT_TARGET = 14.1;
				MTL_ENABLE_DEBUG_INFO = INCLUDE_SOURCE;
				MTL_FAST_MATH = YES;
				ONLY_ACTIVE_ARCH = YES;
				SDKROOT = iphoneos;
				SWIFT_ACTIVE_COMPILATION_CONDITIONS = DEBUG;
				SWIFT_OPTIMIZATION_LEVEL = "-Onone";
			};
			name = Debug;
		};
		46D933F125500D2E0090B458 /* Release */ = {
			isa = XCBuildConfiguration;
			buildSettings = {
				ALWAYS_SEARCH_USER_PATHS = NO;
				CLANG_ANALYZER_NONNULL = YES;
				CLANG_ANALYZER_NUMBER_OBJECT_CONVERSION = YES_AGGRESSIVE;
				CLANG_CXX_LANGUAGE_STANDARD = "gnu++14";
				CLANG_CXX_LIBRARY = "libc++";
				CLANG_ENABLE_MODULES = YES;
				CLANG_ENABLE_OBJC_ARC = YES;
				CLANG_ENABLE_OBJC_WEAK = YES;
				CLANG_WARN_BLOCK_CAPTURE_AUTORELEASING = YES;
				CLANG_WARN_BOOL_CONVERSION = YES;
				CLANG_WARN_COMMA = YES;
				CLANG_WARN_CONSTANT_CONVERSION = YES;
				CLANG_WARN_DEPRECATED_OBJC_IMPLEMENTATIONS = YES;
				CLANG_WARN_DIRECT_OBJC_ISA_USAGE = YES_ERROR;
				CLANG_WARN_DOCUMENTATION_COMMENTS = YES;
				CLANG_WARN_EMPTY_BODY = YES;
				CLANG_WARN_ENUM_CONVERSION = YES;
				CLANG_WARN_INFINITE_RECURSION = YES;
				CLANG_WARN_INT_CONVERSION = YES;
				CLANG_WARN_NON_LITERAL_NULL_CONVERSION = YES;
				CLANG_WARN_OBJC_IMPLICIT_RETAIN_SELF = YES;
				CLANG_WARN_OBJC_LITERAL_CONVERSION = YES;
				CLANG_WARN_OBJC_ROOT_CLASS = YES_ERROR;
				CLANG_WARN_QUOTED_INCLUDE_IN_FRAMEWORK_HEADER = YES;
				CLANG_WARN_RANGE_LOOP_ANALYSIS = YES;
				CLANG_WARN_STRICT_PROTOTYPES = YES;
				CLANG_WARN_SUSPICIOUS_MOVE = YES;
				CLANG_WARN_UNGUARDED_AVAILABILITY = YES_AGGRESSIVE;
				CLANG_WARN_UNREACHABLE_CODE = YES;
				CLANG_WARN__DUPLICATE_METHOD_MATCH = YES;
				COPY_PHASE_STRIP = NO;
				DEBUG_INFORMATION_FORMAT = "dwarf-with-dsym";
				ENABLE_NS_ASSERTIONS = NO;
				ENABLE_STRICT_OBJC_MSGSEND = YES;
				GCC_C_LANGUAGE_STANDARD = gnu11;
				GCC_NO_COMMON_BLOCKS = YES;
				GCC_WARN_64_TO_32_BIT_CONVERSION = YES;
				GCC_WARN_ABOUT_RETURN_TYPE = YES_ERROR;
				GCC_WARN_UNDECLARED_SELECTOR = YES;
				GCC_WARN_UNINITIALIZED_AUTOS = YES_AGGRESSIVE;
				GCC_WARN_UNUSED_FUNCTION = YES;
				GCC_WARN_UNUSED_VARIABLE = YES;
				IPHONEOS_DEPLOYMENT_TARGET = 14.1;
				MTL_ENABLE_DEBUG_INFO = NO;
				MTL_FAST_MATH = YES;
				SDKROOT = iphoneos;
				SWIFT_COMPILATION_MODE = wholemodule;
				SWIFT_OPTIMIZATION_LEVEL = "-O";
				VALIDATE_PRODUCT = YES;
			};
			name = Release;
		};
		46D933F325500D2E0090B458 /* Debug */ = {
			isa = XCBuildConfiguration;
			baseConfigurationReference = C868F3D7C08EB1B4BE9FAD1E /* Pods-3Banko Admin.debug.xcconfig */;
			buildSettings = {
				ASSETCATALOG_COMPILER_APPICON_NAME = AppIcon;
				ASSETCATALOG_COMPILER_GLOBAL_ACCENT_COLOR_NAME = AccentColor;
				CODE_SIGN_STYLE = Automatic;
				DEVELOPMENT_TEAM = 3FP28BF586;
				INFOPLIST_FILE = "3Banko Admin/Info.plist";
				LD_RUNPATH_SEARCH_PATHS = (
					"$(inherited)",
					"@executable_path/Frameworks",
				);
				PRODUCT_BUNDLE_IDENTIFIER = "com.foytingo.-Banko-Admin";
				PRODUCT_NAME = "$(TARGET_NAME)";
				SWIFT_VERSION = 5.0;
				TARGETED_DEVICE_FAMILY = "1,2";
			};
			name = Debug;
		};
		46D933F425500D2E0090B458 /* Release */ = {
			isa = XCBuildConfiguration;
			baseConfigurationReference = 14947457CFFFC6E4F54BE0A6 /* Pods-3Banko Admin.release.xcconfig */;
			buildSettings = {
				ASSETCATALOG_COMPILER_APPICON_NAME = AppIcon;
				ASSETCATALOG_COMPILER_GLOBAL_ACCENT_COLOR_NAME = AccentColor;
				CODE_SIGN_STYLE = Automatic;
				DEVELOPMENT_TEAM = 3FP28BF586;
				INFOPLIST_FILE = "3Banko Admin/Info.plist";
				LD_RUNPATH_SEARCH_PATHS = (
					"$(inherited)",
					"@executable_path/Frameworks",
				);
				PRODUCT_BUNDLE_IDENTIFIER = "com.foytingo.-Banko-Admin";
				PRODUCT_NAME = "$(TARGET_NAME)";
				SWIFT_VERSION = 5.0;
				TARGETED_DEVICE_FAMILY = "1,2";
			};
			name = Release;
		};
/* End XCBuildConfiguration section */

/* Begin XCConfigurationList section */
		46D933D925500D2C0090B458 /* Build configuration list for PBXProject "3Banko Admin" */ = {
			isa = XCConfigurationList;
			buildConfigurations = (
				46D933F025500D2E0090B458 /* Debug */,
				46D933F125500D2E0090B458 /* Release */,
			);
			defaultConfigurationIsVisible = 0;
			defaultConfigurationName = Release;
		};
		46D933F225500D2E0090B458 /* Build configuration list for PBXNativeTarget "3Banko Admin" */ = {
			isa = XCConfigurationList;
			buildConfigurations = (
				46D933F325500D2E0090B458 /* Debug */,
				46D933F425500D2E0090B458 /* Release */,
			);
			defaultConfigurationIsVisible = 0;
			defaultConfigurationName = Release;
		};
/* End XCConfigurationList section */
	};
	rootObject = 46D933D625500D2C0090B458 /* Project object */;
}
